
Microsoft Visual Studio Solution File, Format Version 12.00
# Visual Studio 15
VisualStudioVersion = 15.0.27428.2011
MinimumVisualStudioVersion = 10.0.40219.1
Project("{8BC9CEB8-8B4A-11D0-8D11-00A0C91BC942}") = "Cpp_language", "Cpp_language\Cpp_language.vcxproj", "{A19DDDF2-6661-4EAE-8622-C75C4615C76C}"
EndProject
Project("{8BC9CEB8-8B4A-11D0-8D11-00A0C91BC942}") = "C_language", "C_language\C_language.vcxproj", "{D14237E9-81AD-4C77-9BF6-1973D3C08CB6}"
EndProject
Global
	GlobalSection(SolutionConfigurationPlatforms) = preSolution
		Debug|x64 = Debug|x64
		Debug|x86 = Debug|x86
		Release|x64 = Release|x64
		Release|x86 = Release|x86
	EndGlobalSection
	GlobalSection(ProjectConfigurationPlatforms) = postSolution
		{A19DDDF2-6661-4EAE-8622-C75C4615C76C}.Debug|x64.ActiveCfg = Debug|x64
		{A19DDDF2-6661-4EAE-8622-C75C4615C76C}.Debug|x64.Build.0 = Debug|x64
		{A19DDDF2-6661-4EAE-8622-C75C4615C76C}.Debug|x86.ActiveCfg = Debug|Win32
		{A19DDDF2-6661-4EAE-8622-C75C4615C76C}.Debug|x86.Build.0 = Debug|Win32
		{A19DDDF2-6661-4EAE-8622-C75C4615C76C}.Release|x64.ActiveCfg = Release|x64
		{A19DDDF2-6661-4EAE-8622-C75C4615C76C}.Release|x64.Build.0 = Release|x64
		{A19DDDF2-6661-4EAE-8622-C75C4615C76C}.Release|x86.ActiveCfg = Release|Win32
		{A19DDDF2-6661-4EAE-8622-C75C4615C76C}.Release|x86.Build.0 = Release|Win32
		{D14237E9-81AD-4C77-9BF6-1973D3C08CB6}.Debug|x64.ActiveCfg = Debug|x64
		{D14237E9-81AD-4C77-9BF6-1973D3C08CB6}.Debug|x64.Build.0 = Debug|x64
		{D14237E9-81AD-4C77-9BF6-1973D3C08CB6}.Debug|x86.ActiveCfg = Debug|Win32
		{D14237E9-81AD-4C77-9BF6-1973D3C08CB6}.Debug|x86.Build.0 = Debug|Win32
		{D14237E9-81AD-4C77-9BF6-1973D3C08CB6}.Release|x64.ActiveCfg = Release|x64
		{D14237E9-81AD-4C77-9BF6-1973D3C08CB6}.Release|x64.Build.0 = Release|x64
		{D14237E9-81AD-4C77-9BF6-1973D3C08CB6}.Release|x86.ActiveCfg = Release|Win32
		{D14237E9-81AD-4C77-9BF6-1973D3C08CB6}.Release|x86.Build.0 = Release|Win32
	EndGlobalSection
	GlobalSection(SolutionProperties) = preSolution
		HideSolutionNode = FALSE
	EndGlobalSection
	GlobalSection(ExtensibilityGlobals) = postSolution
		SolutionGuid = {1E078C6F-7BE8-47E1-94A3-CFE2E8014827}
	EndGlobalSection
EndGlobal
